lockfileVersion: '9.0'

settings:
  autoInstallPeers: true
  excludeLinksFromLockfile: false

importers:

  .:
    dependencies:
      custom-card-helpers:
        specifier: ^2.0.0
        version: 2.0.0(lit@3.3.3)
      home-assistant-query-selector:
        specifier: ^6.2.0
        version: 6.2.0(shadow-dom-selector@6.2.2(get-promisable-result@2.0.0))
      home-assistant-styles-manager:
        specifier: ^4.1.2
        version: 4.1.2
      yaml:
        specifier: ^2.9.0
        version: 2.9.0
    devDependencies:
      '@rollup/plugin-commonjs':
        specifier: ^29.0.2
        version: 29.0.2(rollup@4.60.4)
      '@rollup/plugin-json':
        specifier: ^6.1.0
        version: 6.1.0(rollup@4.60.4)
      '@rollup/plugin-node-resolve':
        specifier: ^16.0.3
        version: 16.0.3(rollup@4.60.4)
      '@rollup/plugin-terser':
        specifier: ^1.0.0
        version: 1.0.0(rollup@4.60.4)
      '@rollup/plugin-typescript':
        specifier: ^12.3.0
        version: 12.3.0(rollup@4.60.4)(tslib@2.8.1)(typescript@6.0.3)
      '@types/node':
        specifier: ^25.9.1
        version: 25.9.1
      rollup:
        specifier: ^4.60.4
        version: 4.60.4
      rollup-plugin-serve:
        specifier: 2.0.3
        version: 2.0.3
      tslib:
        specifier: ^2.8.1
        version: 2.8.1
      typescript:
        specifier: ^6.0.3
        version: 6.0.3

packages:

  '@formatjs/fast-memoize@3.1.5':
    resolution: {integrity: sha512-KLi3fan6WnCHmigd9pmEEN8Hid0v4wiFBW576M/d07KMWYecf1CvyMI3n34vCmHT4AoVqG2n702kiHbXjzZX2A==}

  '@formatjs/icu-messageformat-parser@3.5.9':
    resolution: {integrity: sha512-PZm6O9JI/gUPtQV9r2eaMuLb4yWqV2vz+ot03ORHWTKO343LSpZi0TqeXLB2ZZGDXLCw2SbfgsQ0GxoxXMl79g==}

  '@formatjs/icu-skeleton-parser@2.1.9':
    resolution: {integrity: sha512-rsxswgHMfU1zUgB2byc08fesf83wLGjFnzLCEtuf00mx2doiqc6pYrf67raI37XqdRcGUviQepk2UKGqpng74Q==}

  '@formatjs/intl-utils@3.8.4':
    resolution: {integrity: sha512-j5C6NyfKevIxsfLK8KwO1C0vvP7k1+h4A9cFpc+cr6mEwCc1sPkr17dzh0Ke6k9U5pQccAQoXdcNBl3IYa4+ZQ==}
    deprecated: the package is rather renamed to @formatjs/ecma-abstract with some changes in functionality (primarily selectUnit is removed and we don't plan to make any further changes to this package

  '@jridgewell/gen-mapping@0.3.13':
    resolution: {integrity: sha512-2kkt/7niJ6MgEPxF0bYdQ6etZaA+fQvDcLKckhy1yIQOzaoKjBBjSj63/aLVjYE3qhRt5dvM+uUyfCg6UKCBbA==}

  '@jridgewell/resolve-uri@3.1.2':
    resolution: {integrity: sha512-bRISgCIjP20/tbWSPWMEi54QVPRZExkuD9lJL+UIxUKtwVJA8wW1Trb1jMs1RFXo1CBTNZ/5hpC9QvmKWdopKw==}
    engines: {node: '>=6.0.0'}

  '@jridgewell/source-map@0.3.11':
    resolution: {integrity: sha512-ZMp1V8ZFcPG5dIWnQLr3NSI1MiCU7UETdS/A0G8V/XWHvJv3ZsFqutJn1Y5RPmAPX6F3BiE397OqveU/9NCuIA==}

  '@jridgewell/sourcemap-codec@1.5.5':
    resolution: {integrity: sha512-cYQ9310grqxueWbl+WuIUIaiUaDcj7WOq5fVhEljNVgRfOUhY9fy2zTvfoqWsnebh8Sl70VScFbICvJnLKB0Og==}

  '@jridgewell/trace-mapping@0.3.31':
    resolution: {integrity: sha512-zzNR+SdQSDJzc8joaeP8QQoCQr8NuYx2dIIytl1QeBEZHJ9uW6hebsrYgbz8hJwUQao3TWCMtmfV8Nu1twOLAw==}

  '@lit-labs/ssr-dom-shim@1.6.0':
    resolution: {integrity: sha512-VHb0ALPMTlgKjM6yIxxoQNnpKyUKLD04VzeQdsiXkMqkvYlAHxq9glGLmgbb889/1GsohSOAjvQYoiBppXFqrQ==}

  '@lit/reactive-element@2.1.2':
    resolution: {integrity: sha512-pbCDiVMnne1lYUIaYNN5wrwQXDtHaYtg7YEFPeW+hws6U47WeFvISGUWekPGKWOP1ygrs0ef0o1VJMk1exos5A==}

  '@rollup/plugin-commonjs@29.0.2':
    resolution: {integrity: sha512-S/ggWH1LU7jTyi9DxZOKyxpVd4hF/OZ0JrEbeLjXk/DFXwRny0tjD2c992zOUYQobLrVkRVMDdmHP16HKP7GRg==}
    engines: {node: '>=16.0.0 || 14 >= 14.17'}
    peerDependencies:
      rollup: ^2.68.0||^3.0.0||^4.0.0
    peerDependenciesMeta:
      rollup:
        optional: true

  '@rollup/plugin-json@6.1.0':
    resolution: {integrity: sha512-EGI2te5ENk1coGeADSIwZ7G2Q8CJS2sF120T7jLw4xFw9n7wIOXHo+kIYRAoVpJAN+kmqZSoO3Fp4JtoNF4ReA==}
    engines: {node: '>=14.0.0'}
    peerDependencies:
      rollup: ^1.20.0||^2.0.0||^3.0.0||^4.0.0
    peerDependenciesMeta:
      rollup:
        optional: true

  '@rollup/plugin-node-resolve@16.0.3':
    resolution: {integrity: sha512-lUYM3UBGuM93CnMPG1YocWu7X802BrNF3jW2zny5gQyLQgRFJhV1Sq0Zi74+dh/6NBx1DxFC4b4GXg9wUCG5Qg==}
    engines: {node: '>=14.0.0'}
    peerDependencies:
      rollup: ^2.78.0||^3.0.0||^4.0.0
    peerDependenciesMeta:
      rollup:
        optional: true

  '@rollup/plugin-terser@1.0.0':
    resolution: {integrity: sha512-FnCxhTBx6bMOYQrar6C8h3scPt8/JwIzw3+AJ2K++6guogH5fYaIFia+zZuhqv0eo1RN7W1Pz630SyvLbDjhtQ==}
    engines: {node: '>=20.0.0'}
    peerDependencies:
      rollup: ^2.0.0||^3.0.0||^4.0.0
    peerDependenciesMeta:
      rollup:
        optional: true

  '@rollup/plugin-typescript@12.3.0':
    resolution: {integrity: sha512-7DP0/p7y3t67+NabT9f8oTBFE6gGkto4SA6Np2oudYmZE/m1dt8RB0SjL1msMxFpLo631qjRCcBlAbq1ml/Big==}
    engines: {node: '>=14.0.0'}
    peerDependencies:
      rollup: ^2.14.0||^3.0.0||^4.0.0
      tslib: '*'
      typescript: '>=3.7.0'
    peerDependenciesMeta:
      rollup:
        optional: true
      tslib:
        optional: true

  '@rollup/pluginutils@5.3.0':
    resolution: {integrity: sha512-5EdhGZtnu3V88ces7s53hhfK5KSASnJZv8Lulpc04cWO3REESroJXg73DFsOmgbU2BhwV0E20bu2IDZb3VKW4Q==}
    engines: {node: '>=14.0.0'}
    peerDependencies:
      rollup: ^1.20.0||^2.0.0||^3.0.0||^4.0.0
    peerDependenciesMeta:
      rollup:
        optional: true

  '@rollup/rollup-android-arm-eabi@4.60.4':
    resolution: {integrity: sha512-F5QXMSiFebS9hKZj02XhWLLnRpJ3B3AROP0tWbFBSj+6kCbg5m9j5JoHKd4mmSVy5mS/IMQloYgYxCuJC0fxEQ==}
    cpu: [arm]
    os: [android]

  '@rollup/rollup-android-arm64@4.60.4':
    resolution: {integrity: sha512-GxxTKApUpzRhof7poWvCJHRF51C67u1R7D6DiluBE8wKU1u5GWE8t+v81JvJYtbawoBFX1hLv5Ei4eVjkWokaw==}
    cpu: [arm64]
    os: [android]

  '@rollup/rollup-darwin-arm64@4.60.4':
    resolution: {integrity: sha512-tua0TaJxMOB1R0V0RS1jFZ/RpURFDJIOR2A6jWwQeawuFyS4gBW+rntLRaQd0EQ4bd6Vp44Z2rXW+YYDBsj6IA==}
    cpu: [arm64]
    os: [darwin]

  '@rollup/rollup-darwin-x64@4.60.4':
    resolution: {integrity: sha512-CSKq7MsP+5PFIcydhAiR1K0UhEI1A2jWXVKHPCBZ151yOutENwvnPocgVHkivu2kviURtCEB6zUQw0vs8RrhMg==}
    cpu: [x64]
    os: [darwin]

  '@rollup/rollup-freebsd-arm64@4.60.4':
    resolution: {integrity: sha512-+O8OkVdyvXMtJEciu2wS/pzm1IxntEEQx3z5TAVy4l32G0etZn+RsA48ARRrFm6Ri8fvqPQfgrvNxSjKAbnd3g==}
    cpu: [arm64]
    os: [freebsd]

  '@rollup/rollup-freebsd-x64@4.60.4':
    resolution: {integrity: sha512-Iw3oMskH3AfNuhU0MSN7vNbdi4me/NiYo2azqPz/Le16zHSa+3RRmliCMWWQmh4lcndccU40xcJuTYJZxNo/lw==}
    cpu: [x64]
    os: [freebsd]

  '@rollup/rollup-linux-arm-gnueabihf@4.60.4':
    resolution: {integrity: sha512-EIPRXTVQpHyF8WOo219AD2yEltPehLTcTMz2fn6JsatLYSzQf00hj3rulF+yauOlF9/FtM2WpkT/hJh/KJFGhA==}
    cpu: [arm]
    os: [linux]
    libc: [glibc]

  '@rollup/rollup-linux-arm-musleabihf@4.60.4':
    resolution: {integrity: sha512-J3Yh9PzzF1Ovah2At+lHiGQdsYgArxBbXv/zHfSyaiFQEqvNv7DcW98pCrmdjCZBrqBiKrKKe2V+aaSGWuBe/w==}
    cpu: [arm]
    os: [linux]
    libc: [musl]

  '@rollup/rollup-linux-arm64-gnu@4.60.4':
    resolution: {integrity: sha512-BFDEZMYfUvLn37ONE1yMBojPxnMlTFsdyNoqncT0qFq1mAfllL+ATMMJd8TeuVMiX84s1KbcxcZbXInmcO2mRg==}
    cpu: [arm64]
    os: [linux]
    libc: [glibc]

  '@rollup/rollup-linux-arm64-musl@4.60.4':
    resolution: {integrity: sha512-pc9EYOSlOgdQ2uPl1o9PF6/kLSgaUosia7gOuS8mB69IxJvlclko1MECXysjs5ryez1/5zjYqx3+xYU0TU6R1A==}
    cpu: [arm64]
    os: [linux]
    libc: [musl]

  '@rollup/rollup-linux-loong64-gnu@4.60.4':
    resolution: {integrity: sha512-NxnomyxYerDh5n4iLrNa+sH+Z+U4BMEE46V2PgQ/hoB909i8gV1M5wPojWg9fk1jWpO3IQnOs20K4wyZuFLEFQ==}
    cpu: [loong64]
    os: [linux]
    libc: [glibc]

  '@rollup/rollup-linux-loong64-musl@4.60.4':
    resolution: {integrity: sha512-nbJnQ8a3z1mtmrwImCYhc6BGpThAyYVRQxw9uKSKG4wR6aAYno9sVjJ0zaZcW9BPJX1GbrDPf+SvdWjgTuDmnw==}
    cpu: [loong64]
    os: [linux]
    libc: [musl]

  '@rollup/rollup-linux-ppc64-gnu@4.60.4':
    resolution: {integrity: sha512-2EU6acNrQLd8tYvo/LXW535wupT3m6fo7HKo6lr7ktQoItxTyOL1ZCR/GfGCuXl2vR+zmfI6eRXkSemafv+iVg==}
    cpu: [ppc64]
    os: [linux]
    libc: [glibc]

  '@rollup/rollup-linux-ppc64-musl@4.60.4':
    resolution: {integrity: sha512-WeBtoMuaMxiiIrO2IYP3xs6GMWkJP2C0EoT8beTLkUPmzV1i/UcOSVw1d5r9KBODtHKilG5yFxsGRnBbK3wJ4A==}
    cpu: [ppc64]
    os: [linux]
    libc: [musl]

  '@rollup/rollup-linux-riscv64-gnu@4.60.4':
    resolution: {integrity: sha512-FJHFfqpKUI3A10WrWKiFbBZ7yVbGT4q4B5o1qKFFojqpaYoh9LrQgqWCmmcxQzVSXYtyB5bzkXrYzlHTs21MYA==}
    cpu: [riscv64]
    os: [linux]
    libc: [glibc]

  '@rollup/rollup-linux-riscv64-musl@4.60.4':
    resolution: {integrity: sha512-mcEl6CUT5IAUmQf1m9FYSmVqCJlpQ8r8eyftFUHG8i9OhY7BkBXSUdnLH5DOf0wCOjcP9v/QO93zpmF1SptCCw==}
    cpu: [riscv64]
    os: [linux]
    libc: [musl]

  '@rollup/rollup-linux-s390x-gnu@4.60.4':
    resolution: {integrity: sha512-ynt3JxVd2w2buzoKDWIyiV1pJW93xlQic1THVLXilz429oijRpSHivZAgp65KBu+cMcgf1eVVjdnTLvPxgCuoQ==}
    cpu: [s390x]
    os: [linux]
    libc: [glibc]

  '@rollup/rollup-linux-x64-gnu@4.60.4':
    resolution: {integrity: sha512-Boiz5+MsaROEWDf+GGEwF8VMHGhlUoQMtIPjOgA5fv4osupqTVnJteQNKJwUcnUog2G55jYXH7KZFFiJe0TEzQ==}
    cpu: [x64]
    os: [linux]
    libc: [glibc]

  '@rollup/rollup-linux-x64-musl@4.60.4':
    resolution: {integrity: sha512-+qfSY27qIrFfI/Hom04KYFw3GKZSGU4lXus51wsb5EuySfFlWRwjkKWoE9emgRw/ukoT4Udsj4W/+xxG8VbPKg==}
    cpu: [x64]
    os: [linux]
    libc: [musl]

  '@rollup/rollup-openbsd-x64@4.60.4':
    resolution: {integrity: sha512-VpTfOPHgVXEBeeR8hZ2O0F3aSso+JDWqTWmTmzcQKted54IAdUVbxE+j/MVxUsKa8L20HJhv3vUezVPoquqWjA==}
    cpu: [x64]
    os: [openbsd]

  '@rollup/rollup-openharmony-arm64@4.60.4':
    resolution: {integrity: sha512-IPOsh5aRYuLv/nkU51X10Bf75Bsf6+gZdx1X+QP5QM6lIJFHHqbHLG0uJn/hWthzo13UAc2umiUorqZy3axoZg==}
    cpu: [arm64]
    os: [openharmony]

  '@rollup/rollup-win32-arm64-msvc@4.60.4':
    resolution: {integrity: sha512-4QzE9E81OohJ/HKzHhsqU+zcYYojVOXlFMs1DdyMT6qXl/niOH7AVElmmEdUNHHS/oRkc++d5k6Vy85zFs0DEw==}
    cpu: [arm64]
    os: [win32]

  '@rollup/rollup-win32-ia32-msvc@4.60.4':
    resolution: {integrity: sha512-zTPgT1YuHHcd+Tmx7h8aml0FWFVelV5N54oHow9SLj+GfoDy/huQ+UV396N/C7KpMDMiPspRktzM1/0r1usYEA==}
    cpu: [ia32]
    os: [win32]

  '@rollup/rollup-win32-x64-gnu@4.60.4':
    resolution: {integrity: sha512-DRS4G7mi9lJxqEDezIkKCaUIKCrLUUDCUaCsTPCi/rtqaC6D/jjwslMQyiDU50Ka0JKpeXeRBFBAXwArY52vBw==}
    cpu: [x64]
    os: [win32]

  '@rollup/rollup-win32-x64-msvc@4.60.4':
    resolution: {integrity: sha512-QVTUovf40zgTqlFVrKA1uXMVvU2QWEFWfAH8Wdc48IxLvrJMQVMBRjuQyUpzZCDkakImib9eVazbWlC6ksWtJw==}
    cpu: [x64]
    os: [win32]

  '@types/estree@1.0.8':
    resolution: {integrity: sha512-dWHzHa2WqEXI/O1E9OjrocMTKJl2mSrEolh1Iomrv6U+JuNwaHXsXx9bLu5gG7BUWFIN0skIQJQ/L1rIex4X6w==}

  '@types/node@25.9.1':
    resolution: {integrity: sha512-xfrlY7UD5rMJk3ZVJP8BNzS28J36YJg+xp+LPXV1TdWxr8uMH5A860QNxYDGQe/ylDSgjxE52Q9VnO7p75tJxg==}

  '@types/resolve@1.20.2':
    resolution: {integrity: sha512-60BCwRFOZCQhDncwQdxxeOEEkbc5dIMccYLwbxsS4TUNeVECQ/pBJ0j09mrHOl/JJvpRPGwO9SvE4nR2Nb/a4Q==}

  '@types/trusted-types@2.0.7':
    resolution: {integrity: sha512-ScaPdn1dQczgbl0QFTeTOmVHFULt394XJgOQNoyVhZ6r2vLnMLJfBPd53SB52T/3G36VI1/g2MZaX0cwDuXsfw==}

  acorn@8.16.0:
    resolution: {integrity: sha512-UVJyE9MttOsBQIDKw1skb9nAwQuR5wuGD3+82K6JgJlm/Y+KI92oNsMNGZCYdDsVtRHSak0pcV5Dno5+4jh9sw==}
    engines: {node: '>=0.4.0'}
    hasBin: true

  buffer-from@1.1.2:
    resolution: {integrity: sha512-E+XQCRwSbaaiChtv6k6Dwgc+bx+Bs6vuKJHHl5kox/BaKbhiXzqQOwK4cO22yElGp2OCmjwVhT3HmxgyPGnJfQ==}

  commander@2.20.3:
    resolution: {integrity: sha512-GpVkmM8vF2vQUkj2LvZmD35JxeJOLCwJ9cUkugyk2nuhbv3+mJvpLYYt+0+USMxE+oj+ey/lJEnhZw75x/OMcQ==}

  commondir@1.0.1:
    resolution: {integrity: sha512-W9pAhw0ja1Edb5GVdIF1mjZw/ASI0AlShXM83UUGe2DVr5TdAPEA1OA8m/g8zWp9x6On7gqufY+FatDbC3MDQg==}

  custom-card-helpers@2.0.0:
    resolution: {integrity: sha512-TrWc9lybHFrbdZFv1kzKaiFY/vYon08N1k4iUS8EDLIJObWP0K+B1lU0XCAG6Q/3euAyM5nn1QjUSvcnCYpNtg==}
    engines: {node: '>=24', npm: '>=11'}
    peerDependencies:
      lit: '>=3.0.0'

  deepmerge@4.3.1:
    resolution: {integrity: sha512-3sUqbMEc77XqpdNO7FRyRog+eW3ph+GYCbj+rK+uYyRMuwsVy0rMiVtPn+QJlKFvWP/1PYpapqYn0Me2knFn+A==}
    engines: {node: '>=0.10.0'}

  emojis-list@3.0.0:
    resolution: {integrity: sha512-/kyM18EfinwXZbno9FyUGeFh87KC8HRQBQGildHZbEuRyWFOmv1U10o9BBp8XVZDVNNuQKyIGIu5ZYAAXJ0V2Q==}
    engines: {node: '>= 4'}

  es-errors@1.3.0:
    resolution: {integrity: sha512-Zf5H2Kxt2xjTvbJvP2ZWLEICxA6j+hAmMzIlypy4xcBg1vKVnx89Wy0GbS+kf5cwCVFFzdCFh2XSCFNULS6csw==}
    engines: {node: '>= 0.4'}

  estree-walker@2.0.2:
    resolution: {integrity: sha512-Rfkk/Mp/DL7JVje3u18FxFujQlTNR2q6QfMSMB7AvCBx91NGj/ba3kCfza0f6dVDbw7YlRf/nDrn7pQrCCyQ/w==}

  fdir@6.5.0:
    resolution: {integrity: sha512-tIbYtZbucOs0BRGqPJkshJUYdL+SDH7dVM8gjy+ERp3WAUjLEFJE+02kanyHtwjWOnwrKYBiwAmM0p4kLJAnXg==}
    engines: {node: '>=12.0.0'}
    peerDependencies:
      picomatch: ^3 || ^4
    peerDependenciesMeta:
      picomatch:
        optional: true

  fsevents@2.3.3:
    resolution: {integrity: sha512-5xoDfX+fL7faATnagmWPpbFtwh/R77WmMMqqHGS65C3vvB0YHrgF+B1YmZ3441tMj5n63k0212XNoJwzlhffQw==}
    engines: {node: ^8.16.0 || ^10.6.0 || >=11.0.0}
    os: [darwin]

  function-bind@1.1.2:
    resolution: {integrity: sha512-7XHNxH7qX9xG5mIwxkhumTox/MIRNcOgDrxWsMt2pAr23WHp6MrRlN7FBSFpCpr+oVO0F744iUgR82nJMfG2SA==}

  get-promisable-result@2.0.0:
    resolution: {integrity: sha512-DdA168VtnVn9A87CUsjPR8phpfYZRbKPA1wpzxMdZek6RZXxpphCUVgn0mqD4JJlHkLKChQd4y3bkFOEOZwcIA==}

  hasown@2.0.3:
    resolution: {integrity: sha512-ej4AhfhfL2Q2zpMmLo7U1Uv9+PyhIZpgQLGT1F9miIGmiCJIoCgSmczFdrc97mWT4kVY72KA+WnnhJ5pghSvSg==}
    engines: {node: '>= 0.4'}

  home-assistant-js-websocket@9.6.0:
    resolution: {integrity: sha512-TK8HWW6UjCsUdjIBQRB2sBbEya0VniOBFqFjgqSznJiB7YriNgN8jghyThxOkgxwrnt2eN6oWoZMCTSp1o7H+w==}

  home-assistant-query-selector@6.2.0:
    resolution: {integrity: sha512-BNDV9TxqTGTl+iwvsR0pUJvZF/f5LcJ9tMVzUWly0N6HGH96dR9MTv/Ty4pH5OS7Kl4SP7Hoj3pE5t9POWjwWg==}
    peerDependencies:
      shadow-dom-selector: ^6.2.2

  home-assistant-styles-manager@4.1.2:
    resolution: {integrity: sha512-bjsLznCTgU9Gl5uAs8MLnNRHiPneoODyayFPTteU+l0x8rgnMwLq2hOUhIXY2Sf2EmpaXucYGOl6UiWTqSeWdw==}

  intl-messageformat@11.2.6:
    resolution: {integrity: sha512-afAN2yNN7zjB77G1ZC5L8GtLrEshyBvOQXz88flxCO/ocTIQist98gu0r/O6H/SSiQhQsOOtWPxmCEvtDABXXQ==}

  is-core-module@2.16.2:
    resolution: {integrity: sha512-evOr8xfXKxE6qSR0hSXL2r3sd7ALj8+7jQEUvPYcm5sgZFdJ+AYzT6yNmJenvIYQBgIGwfwz08sL8zoL7yq2BA==}
    engines: {node: '>= 0.4'}

  is-module@1.0.0:
    resolution: {integrity: sha512-51ypPSPCoTEIN9dy5Oy+h4pShgJmPCygKfyRCISBI+JoWT/2oJvK8QPxmwv7b/p239jXrm9M1mlQbyKJ5A152g==}

  is-reference@1.2.1:
    resolution: {integrity: sha512-U82MsXXiFIrjCK4otLT+o2NA2Cd2g5MLoOVXUZjIOhLurrRxpEXzI8O0KZHr3IjLvlAH1kTPYSuqer5T9ZVBKQ==}

  lit-element@4.2.2:
    resolution: {integrity: sha512-aFKhNToWxoyhkNDmWZwEva2SlQia+jfG0fjIWV//YeTaWrVnOxD89dPKfigCUspXFmjzOEUQpOkejH5Ly6sG0w==}

  lit-html@3.3.3:
    resolution: {integrity: sha512-el8M6jK2o3RXBnrSHX3ZKrsN8zEV63pSExTO1wYJz7QndGYZ8353e2a5PPX+qHe2aGayfnchQmkAojaWAREOIA==}

  lit@3.3.3:
    resolution: {integrity: sha512-fycuvZg/hkpozL00lm1pEJH5nN/lr9ZXd6mJI2HSN4+Bzc+LDNdEApJ6HFbPkdFNHLvOplIIuJvxkS4XUxqirw==}

  magic-string@0.30.21:
    resolution: {integrity: sha512-vd2F4YUyEXKGcLHoq+TEyCjxueSeHnFxyyjNp80yg0XV4vUhnDer/lvvlqM/arB5bXQN5K2/3oinyCRyx8T2CQ==}

  mime@3.0.0:
    resolution: {integrity: sha512-jSCU7/VB1loIWBZe14aEYHU/+1UMEHoaO7qxCOVJOw9GgH72VAWppxNcjU+x9a2k3GSIBXNKxXQFqRvvZ7vr3A==}
    engines: {node: '>=10.0.0'}
    hasBin: true

  opener@1.5.2:
    resolution: {integrity: sha512-ur5UIdyw5Y7yEj9wLzhqXiy6GZ3Mwx0yGI+5sMn2r0N0v3cKJvUmFH5yPP+WXh9e0xfyzyJX95D8l088DNFj7A==}
    hasBin: true

  path-parse@1.0.7:
    resolution: {integrity: sha512-LDJzPVEEEPR+y48z93A0Ed0yXb8pAByGWo/k5YYdYgpY2/2EsOsksJrq7lOHxryrVOn1ejG6oAp8ahvOIQD8sw==}

  picomatch@4.0.4:
    resolution: {integrity: sha512-QP88BAKvMam/3NxH6vj2o21R6MjxZUAd6nlwAS/pnGvN9IVLocLHxGYIzFhg6fUQ+5th6P4dv4eW9jX3DSIj7A==}
    engines: {node: '>=12'}

  resolve@1.22.12:
    resolution: {integrity: sha512-TyeJ1zif53BPfHootBGwPRYT1RUt6oGWsaQr8UyZW/eAm9bKoijtvruSDEmZHm92CwS9nj7/fWttqPCgzep8CA==}
    engines: {node: '>= 0.4'}
    hasBin: true

  rollup-plugin-serve@2.0.3:
    resolution: {integrity: sha512-gQKmfQng17+jOsX5tmDanvJkm0f9XLqWVvXsD7NGd1SlneT+U1j/HjslDUXQz6cqwLnVDRc6xF2lj6rre+eeeQ==}

  rollup@4.60.4:
    resolution: {integrity: sha512-WHeFSbZYsPu3+bLoNRUuAO+wavNlocOPf3wSHTP7hcFKVnJeWsYlCDbr3mTS14FCizf9ccIxXA8sGL8zKeQN3g==}
    engines: {node: '>=18.0.0', npm: '>=8.0.0'}
    hasBin: true

  serialize-javascript@7.0.5:
    resolution: {integrity: sha512-F4LcB0UqUl1zErq+1nYEEzSHJnIwb3AF2XWB94b+afhrekOUijwooAYqFyRbjYkm2PAKBabx6oYv/xDxNi8IBw==}
    engines: {node: '>=20.0.0'}

  shadow-dom-selector@6.2.2:
    resolution: {integrity: sha512-s2L9uBOILu5a4m9U8udvl1IZhbxC5J3PfUAGRyxIINclmofcicmKQ2W/jJXrJnYc2/suaNQdbJjQnAfQO4JAHw==}
    peerDependencies:
      get-promisable-result: ^2.0.0

  smob@1.6.2:
    resolution: {integrity: sha512-RQsvleCbF8cVHEv+xuDGaA4pOizFqJ0GgjtMSRo6oP8pnN7WsigHgVGey6aILRBKv4W2YOMHLqbKdnB6hpB9fw==}
    engines: {node: '>=20.0.0'}

  source-map-support@0.5.21:
    resolution: {integrity: sha512-uBHU3L3czsIyYXKX88fdrGovxdSCoTGDRZ6SYXtSRxLZUzHg5P/66Ht6uoUlHu9EZod+inXhKo3qQgwXUT/y1w==}

  source-map@0.6.1:
    resolution: {integrity: sha512-UjgapumWlbMhkBgzT7Ykc5YXUT46F0iKu8SGXq0bcwP5dz/h0Plj6enJqjz1Zbq2l5WaqYnrVbwWOWMyF3F47g==}
    engines: {node: '>=0.10.0'}

  superstruct@2.0.2:
    resolution: {integrity: sha512-uV+TFRZdXsqXTL2pRvujROjdZQ4RAlBUS5BTh9IGm+jTqQntYThciG/qu57Gs69yjnVUSqdxF9YLmSnpupBW9A==}
    engines: {node: '>=14.0.0'}

  supports-preserve-symlinks-flag@1.0.0:
    resolution: {integrity: sha512-ot0WnXS9fgdkgIcePe6RHNk1WA8+muPa6cSjeR3V8K27q9BB1rTE3R1p7Hv0z1ZyAc8s6Vvv8DIyWf681MAt0w==}
    engines: {node: '>= 0.4'}

  terser@5.47.1:
    resolution: {integrity: sha512-tPbLXTI6ohPASb/1YViL428oEHu6/qv1OxqYnfaonVCFHqx4+wCd95pHrQWsL5X4pl90CTyW9piSAsS2L0VoMw==}
    engines: {node: '>=10'}
    hasBin: true

  tslib@2.8.1:
    resolution: {integrity: sha512-oJFu94HQb+KVduSUQL7wnpmqnfmLsOA/nAh6b6EH0wCEoK0/mPeXU6c3wKDV83MkOuHPRHtSXKKU99IBazS/2w==}

  typescript@6.0.3:
    resolution: {integrity: sha512-y2TvuxSZPDyQakkFRPZHKFm+KKVqIisdg9/CZwm9ftvKXLP8NRWj38/ODjNbr43SsoXqNuAisEf1GdCxqWcdBw==}
    engines: {node: '>=14.17'}
    hasBin: true

  undici-types@7.24.6:
    resolution: {integrity: sha512-WRNW+sJgj5OBN4/0JpHFqtqzhpbnV0GuB+OozA9gCL7a993SmU+1JBZCzLNxYsbMfIeDL+lTsphD5jN5N+n0zg==}

  yaml@2.9.0:
    resolution: {integrity: sha512-2AvhNX3mb8zd6Zy7INTtSpl1F15HW6Wnqj0srWlkKLcpYl/gMIMJiyuGq2KeI2YFxUPjdlB+3Lc10seMLtL4cA==}
    engines: {node: '>= 14.6'}
    hasBin: true

snapshots:

  '@formatjs/fast-memoize@3.1.5': {}

  '@formatjs/icu-messageformat-parser@3.5.9':
    dependencies:
      '@formatjs/icu-skeleton-parser': 2.1.9

  '@formatjs/icu-skeleton-parser@2.1.9': {}

  '@formatjs/intl-utils@3.8.4':
    dependencies:
      emojis-list: 3.0.0

  '@jridgewell/gen-mapping@0.3.13':
    dependencies:
      '@jridgewell/sourcemap-codec': 1.5.5
      '@jridgewell/trace-mapping': 0.3.31

  '@jridgewell/resolve-uri@3.1.2': {}

  '@jridgewell/source-map@0.3.11':
    dependencies:
      '@jridgewell/gen-mapping': 0.3.13
      '@jridgewell/trace-mapping': 0.3.31

  '@jridgewell/sourcemap-codec@1.5.5': {}

  '@jridgewell/trace-mapping@0.3.31':
    dependencies:
      '@jridgewell/resolve-uri': 3.1.2
      '@jridgewell/sourcemap-codec': 1.5.5

  '@lit-labs/ssr-dom-shim@1.6.0': {}

  '@lit/reactive-element@2.1.2':
    dependencies:
      '@lit-labs/ssr-dom-shim': 1.6.0

  '@rollup/plugin-commonjs@29.0.2(rollup@4.60.4)':
    dependencies:
      '@rollup/pluginutils': 5.3.0(rollup@4.60.4)
      commondir: 1.0.1
      estree-walker: 2.0.2
      fdir: 6.5.0(picomatch@4.0.4)
      is-reference: 1.2.1
      magic-string: 0.30.21
      picomatch: 4.0.4
    optionalDependencies:
      rollup: 4.60.4

  '@rollup/plugin-json@6.1.0(rollup@4.60.4)':
    dependencies:
      '@rollup/pluginutils': 5.3.0(rollup@4.60.4)
    optionalDependencies:
      rollup: 4.60.4

  '@rollup/plugin-node-resolve@16.0.3(rollup@4.60.4)':
    dependencies:
      '@rollup/pluginutils': 5.3.0(rollup@4.60.4)
      '@types/resolve': 1.20.2
      deepmerge: 4.3.1
      is-module: 1.0.0
      resolve: 1.22.12
    optionalDependencies:
      rollup: 4.60.4

  '@rollup/plugin-terser@1.0.0(rollup@4.60.4)':
    dependencies:
      serialize-javascript: 7.0.5
      smob: 1.6.2
      terser: 5.47.1
    optionalDependencies:
      rollup: 4.60.4

  '@rollup/plugin-typescript@12.3.0(rollup@4.60.4)(tslib@2.8.1)(typescript@6.0.3)':
    dependencies:
      '@rollup/pluginutils': 5.3.0(rollup@4.60.4)
      resolve: 1.22.12
      typescript: 6.0.3
    optionalDependencies:
      rollup: 4.60.4
      tslib: 2.8.1

  '@rollup/pluginutils@5.3.0(rollup@4.60.4)':
    dependencies:
      '@types/estree': 1.0.8
      estree-walker: 2.0.2
      picomatch: 4.0.4
    optionalDependencies:
      rollup: 4.60.4

  '@rollup/rollup-android-arm-eabi@4.60.4':
    optional: true

  '@rollup/rollup-android-arm64@4.60.4':
    optional: true

  '@rollup/rollup-darwin-arm64@4.60.4':
    optional: true

  '@rollup/rollup-darwin-x64@4.60.4':
    optional: true

  '@rollup/rollup-freebsd-arm64@4.60.4':
    optional: true

  '@rollup/rollup-freebsd-x64@4.60.4':
    optional: true

  '@rollup/rollup-linux-arm-gnueabihf@4.60.4':
    optional: true

  '@rollup/rollup-linux-arm-musleabihf@4.60.4':
    optional: true

  '@rollup/rollup-linux-arm64-gnu@4.60.4':
    optional: true

  '@rollup/rollup-linux-arm64-musl@4.60.4':
    optional: true

  '@rollup/rollup-linux-loong64-gnu@4.60.4':
    optional: true

  '@rollup/rollup-linux-loong64-musl@4.60.4':
    optional: true

  '@rollup/rollup-linux-ppc64-gnu@4.60.4':
    optional: true

  '@rollup/rollup-linux-ppc64-musl@4.60.4':
    optional: true

  '@rollup/rollup-linux-riscv64-gnu@4.60.4':
    optional: true

  '@rollup/rollup-linux-riscv64-musl@4.60.4':
    optional: true

  '@rollup/rollup-linux-s390x-gnu@4.60.4':
    optional: true

  '@rollup/rollup-linux-x64-gnu@4.60.4':
    optional: true

  '@rollup/rollup-linux-x64-musl@4.60.4':
    optional: true

  '@rollup/rollup-openbsd-x64@4.60.4':
    optional: true

  '@rollup/rollup-openharmony-arm64@4.60.4':
    optional: true

  '@rollup/rollup-win32-arm64-msvc@4.60.4':
    optional: true

  '@rollup/rollup-win32-ia32-msvc@4.60.4':
    optional: true

  '@rollup/rollup-win32-x64-gnu@4.60.4':
    optional: true

  '@rollup/rollup-win32-x64-msvc@4.60.4':
    optional: true

  '@types/estree@1.0.8': {}

  '@types/node@25.9.1':
    dependencies:
      undici-types: 7.24.6

  '@types/resolve@1.20.2': {}

  '@types/trusted-types@2.0.7': {}

  acorn@8.16.0: {}

  buffer-from@1.1.2: {}

  commander@2.20.3: {}

  commondir@1.0.1: {}

  custom-card-helpers@2.0.0(lit@3.3.3):
    dependencies:
      '@formatjs/intl-utils': 3.8.4
      home-assistant-js-websocket: 9.6.0
      intl-messageformat: 11.2.6
      lit: 3.3.3
      superstruct: 2.0.2

  deepmerge@4.3.1: {}

  emojis-list@3.0.0: {}

  es-errors@1.3.0: {}

  estree-walker@2.0.2: {}

  fdir@6.5.0(picomatch@4.0.4):
    optionalDependencies:
      picomatch: 4.0.4

  fsevents@2.3.3:
    optional: true

  function-bind@1.1.2: {}

  get-promisable-result@2.0.0: {}

  hasown@2.0.3:
    dependencies:
      function-bind: 1.1.2

  home-assistant-js-websocket@9.6.0: {}

  home-assistant-query-selector@6.2.0(shadow-dom-selector@6.2.2(get-promisable-result@2.0.0)):
    dependencies:
      shadow-dom-selector: 6.2.2(get-promisable-result@2.0.0)

  home-assistant-styles-manager@4.1.2: {}

  intl-messageformat@11.2.6:
    dependencies:
      '@formatjs/fast-memoize': 3.1.5
      '@formatjs/icu-messageformat-parser': 3.5.9

  is-core-module@2.16.2:
    dependencies:
      hasown: 2.0.3

  is-module@1.0.0: {}

  is-reference@1.2.1:
    dependencies:
      '@types/estree': 1.0.8

  lit-element@4.2.2:
    dependencies:
      '@lit-labs/ssr-dom-shim': 1.6.0
      '@lit/reactive-element': 2.1.2
      lit-html: 3.3.3

  lit-html@3.3.3:
    dependencies:
      '@types/trusted-types': 2.0.7

  lit@3.3.3:
    dependencies:
      '@lit/reactive-element': 2.1.2
      lit-element: 4.2.2
      lit-html: 3.3.3

  magic-string@0.30.21:
    dependencies:
      '@jridgewell/sourcemap-codec': 1.5.5

  mime@3.0.0: {}

  opener@1.5.2: {}

  path-parse@1.0.7: {}

  picomatch@4.0.4: {}

  resolve@1.22.12:
    dependencies:
      es-errors: 1.3.0
      is-core-module: 2.16.2
      path-parse: 1.0.7
      supports-preserve-symlinks-flag: 1.0.0

  rollup-plugin-serve@2.0.3:
    dependencies:
      mime: 3.0.0
      opener: 1.5.2

  rollup@4.60.4:
    dependencies:
      '@types/estree': 1.0.8
    optionalDependencies:
      '@rollup/rollup-android-arm-eabi': 4.60.4
      '@rollup/rollup-android-arm64': 4.60.4
      '@rollup/rollup-darwin-arm64': 4.60.4
      '@rollup/rollup-darwin-x64': 4.60.4
      '@rollup/rollup-freebsd-arm64': 4.60.4
      '@rollup/rollup-freebsd-x64': 4.60.4
      '@rollup/rollup-linux-arm-gnueabihf': 4.60.4
      '@rollup/rollup-linux-arm-musleabihf': 4.60.4
      '@rollup/rollup-linux-arm64-gnu': 4.60.4
      '@rollup/rollup-linux-arm64-musl': 4.60.4
      '@rollup/rollup-linux-loong64-gnu': 4.60.4
      '@rollup/rollup-linux-loong64-musl': 4.60.4
      '@rollup/rollup-linux-ppc64-gnu': 4.60.4
      '@rollup/rollup-linux-ppc64-musl': 4.60.4
      '@rollup/rollup-linux-riscv64-gnu': 4.60.4
      '@rollup/rollup-linux-riscv64-musl': 4.60.4
      '@rollup/rollup-linux-s390x-gnu': 4.60.4
      '@rollup/rollup-linux-x64-gnu': 4.60.4
      '@rollup/rollup-linux-x64-musl': 4.60.4
      '@rollup/rollup-openbsd-x64': 4.60.4
      '@rollup/rollup-openharmony-arm64': 4.60.4
      '@rollup/rollup-win32-arm64-msvc': 4.60.4
      '@rollup/rollup-win32-ia32-msvc': 4.60.4
      '@rollup/rollup-win32-x64-gnu': 4.60.4
      '@rollup/rollup-win32-x64-msvc': 4.60.4
      fsevents: 2.3.3

  serialize-javascript@7.0.5: {}

  shadow-dom-selector@6.2.2(get-promisable-result@2.0.0):
    dependencies:
      get-promisable-result: 2.0.0

  smob@1.6.2: {}

  source-map-support@0.5.21:
    dependencies:
      buffer-from: 1.1.2
      source-map: 0.6.1

  source-map@0.6.1: {}

  superstruct@2.0.2: {}

  supports-preserve-symlinks-flag@1.0.0: {}

  terser@5.47.1:
    dependencies:
      '@jridgewell/source-map': 0.3.11
      acorn: 8.16.0
      commander: 2.20.3
      source-map-support: 0.5.21

  tslib@2.8.1: {}

  typescript@6.0.3: {}

  undici-types@7.24.6: {}

  yaml@2.9.0: {}
